[[package]]
name = "dtoa"
version = "0.4.3"
source = "registry+https://github.com/rust-lang/crates.io-index"

[[package]]
name = "itoa"
version = "0.4.2"
source = "registry+https://github.com/rust-lang/crates.io-index"

[[package]]
name = "serde"
version = "1.0.70"
source = "registry+https://github.com/rust-lang/crates.io-index"

[[package]]
name = "serde_json"
version = "1.0.24"
source = "registry+https://github.com/rust-lang/crates.io-index"
dependencies = [
 "dtoa 0.4.3 (registry+https://github.com/rust-lang/crates.io-index)",
 "itoa 0.4.2 (registry+https://github.com/rust-lang/crates.io-index)",
 "serde 1.0.70 (registry+https://github.com/rust-lang/crates.io-index)",
]

[[package]]
name = "swift_to_plant_uml_converter"
version = "0.1.0"
dependencies = [
 "serde_json 1.0.24 (registry+https://github.com/rust-lang/crates.io-index)",
]

[metadata]
"checksum dtoa 0.4.3 (registry+https://github.com/rust-lang/crates.io-index)" = "6d301140eb411af13d3115f9a562c85cc6b541ade9dfa314132244aaee7489dd"
"checksum itoa 0.4.2 (registry+https://github.com/rust-lang/crates.io-index)" = "5adb58558dcd1d786b5f0bd15f3226ee23486e24b7b58304b60f64dc68e62606"
"checksum serde 1.0.70 (registry+https://github.com/rust-lang/crates.io-index)" = "0c3adf19c07af6d186d91dae8927b83b0553d07ca56cbf7f2f32560455c91920"
"checksum serde_json 1.0.24 (registry+https://github.com/rust-lang/crates.io-index)" = "c3c6908c7b925cd6c590358a4034de93dbddb20c45e1d021931459fd419bf0e2"
